dependencies:
- name: postgresql
  repository: oci://ghcr.io/platform-mesh/images/bitnami-charts
  version: 12.12.10
- name: mysql
  repository: oci://ghcr.io/platform-mesh/images/bitnami-charts
  version: 9.6.0
- name: common
  repository: oci://ghcr.io/platform-mesh/images/bitnami-charts
  version: 2.13.3
digest: sha256:441e0c687f22373ee67bb6dc4991089ecf169d17fd30210453812889d679cb89
generated: "2025-08-29T13:03:07.040501057+02:00"
